
Microsoft Visual Studio Solution File, Format Version 12.00
# Visual Studio Version 16
VisualStudioVersion = 16.0.29123.88
MinimumVisualStudioVersion = 10.0.40219.1
Project("{FAE04EC0-301F-11D3-BF4B-00C04F79EFBC}") = "exam1", "exam1\exam1.csproj", "{B82CE8FA-D16D-4756-A1DB-D6E62BDF460B}"
EndProject
Global
	GlobalSection(SolutionConfigurationPlatforms) = preSolution
		Debug|Any CPU = Debug|Any CPU
		Release|Any CPU = Release|Any CPU
	EndGlobalSection
	GlobalSection(ProjectConfigurationPlatforms) = postSolution
		{B82CE8FA-D16D-4756-A1DB-D6E62BDF460B}.Debug|Any CPU.ActiveCfg = Debug|Any CPU
		{B82CE8FA-D16D-4756-A1DB-D6E62BDF460B}.Debug|Any CPU.Build.0 = Debug|Any CPU
		{B82CE8FA-D16D-4756-A1DB-D6E62BDF460B}.Release|Any CPU.ActiveCfg = Release|Any CPU
		{B82CE8FA-D16D-4756-A1DB-D6E62BDF460B}.Release|Any CPU.Build.0 = Release|Any CPU
	EndGlobalSection
	GlobalSection(SolutionProperties) = preSolution
		HideSolutionNode = FALSE
	EndGlobalSection
	GlobalSection(ExtensibilityGlobals) = postSolution
		SolutionGuid = {70590E80-B477-428F-BE19-25012A4478D7}
	EndGlobalSection
EndGlobal
